# This file is automatically @generated by Cargo.
# It is not intended for manual editing.
version = 4

[[package]]
name = "xtask"
version = "0.1.0"

[[package]]
name = "zapcloud"
version = "0.1.0"
dependencies = [
 "zc-api-lambda",
 "zc-config",
 "zc-executor-sandbox",
 "zc-function-manager",
 "zc-telemetry",
]

[[package]]
name = "zc-api-lambda"
version = "0.1.0"
dependencies = [
 "zc-aws-protocol",
 "zc-function-manager",
]

[[package]]
name = "zc-artifact-store"
version = "0.1.0"

[[package]]
name = "zc-aws-protocol"
version = "0.1.0"

[[package]]
name = "zc-config"
version = "0.1.0"

[[package]]
name = "zc-executor-core"
version = "0.1.0"

[[package]]
name = "zc-executor-sandbox"
version = "0.1.0"
dependencies = [
 "zc-executor-core",
]

[[package]]
name = "zc-function-manager"
version = "0.1.0"
dependencies = [
 "zc-artifact-store",
 "zc-invocation",
 "zc-persistence",
]

[[package]]
name = "zc-invocation"
version = "0.1.0"
dependencies = [
 "zc-executor-core",
]

[[package]]
name = "zc-persistence"
version = "0.1.0"

[[package]]
name = "zc-telemetry"
version = "0.1.0"
